PODS:
  - BanubaARCloudSDK (1.0.16)
  - BanubaAudioBrowserSDK (1.0.16.1)
  - BanubaEffectPlayer (1.0.15)
  - BanubaLicenseServicingSDK (1.0.16)
  - BanubaMusicEditorSDK (1.0.16.1)
  - BanubaOverlayEditorSDK (1.0.16)
  - BanubaSDK (1.0.16.2)
  - BanubaSDKServicing (1.0.16)
  - BanubaSDKSimple (1.0.16)
  - BanubaUtilities (1.0.16)
  - BanubaVideoEditorGallerySDK (1.0.16)
  - BanubaVideoEditorSDK (1.0.16.2)
  - VideoEditor (1.0.16)

DEPENDENCIES:
  - BanubaARCloudSDK (= 1.0.16)
  - BanubaAudioBrowserSDK (= 1.0.16.1)
  - BanubaEffectPlayer (= 1.0.15)
  - BanubaLicenseServicingSDK (= 1.0.16)
  - BanubaMusicEditorSDK (= 1.0.16.1)
  - BanubaOverlayEditorSDK (= 1.0.16)
  - BanubaSDK (= 1.0.16.2)
  - BanubaSDKServicing (= 1.0.16)
  - BanubaSDKSimple (= 1.0.16)
  - BanubaUtilities (= 1.0.16)
  - BanubaVideoEditorGallerySDK (= 1.0.16)
  - BanubaVideoEditorSDK (= 1.0.16.2)
  - VideoEditor (= 1.0.16)

SPEC REPOS:
  https://github.com/Banuba/specs.git:
    - BanubaARCloudSDK
    - BanubaAudioBrowserSDK
    - BanubaEffectPlayer
    - BanubaLicenseServicingSDK
    - BanubaMusicEditorSDK
    - BanubaOverlayEditorSDK
    - BanubaSDK
    - BanubaSDKServicing
    - BanubaSDKSimple
    - BanubaUtilities
    - BanubaVideoEditorGallerySDK
    - BanubaVideoEditorSDK
    - VideoEditor

SPEC CHECKSUMS:
  BanubaARCloudSDK: 4cb7512e351d3e5eb9039bbca1ec66b11081b329
  BanubaAudioBrowserSDK: 77fd5811839b185ebdca59eafe5d2bee4544310e
  BanubaEffectPlayer: 8b376fb628319759b78a00ebaf39c8198c1b819d
  BanubaLicenseServicingSDK: 363714d549b19b384799b3ddd198bc8a40920825
  BanubaMusicEditorSDK: 787d2a78dc10376e5352c6a9c847cb061b861a59
  BanubaOverlayEditorSDK: f197d56cba47afc8a95632765d63a3811e2c8f30
  BanubaSDK: 0cbf755912ef7ffda2de16bb3cfeba25c8b13e29
  BanubaSDKServicing: 1da6453c974125d5459aef16795ee4808eee853c
  BanubaSDKSimple: d72450ff1d01b50e33c1775919c7660382e53292
  BanubaUtilities: cd6d6deea6a48c46c7d6b54d3a2e39502d861784
  BanubaVideoEditorGallerySDK: 3e4dfc7d28521d119ecbaf8f22f8afc22e4838ea
  BanubaVideoEditorSDK: 213d5ade453d66235c9e9528f0e2982a97c1b464
  VideoEditor: cb1106eace1e93aae5bcea6878902e257d16ebb6

PODFILE CHECKSUM: 3e9b533f03b924bb4e4e73a95d9117eccab450b2

COCOAPODS: 1.10.0
