PODS:
  - BanubaARCloudSDK (1.26.7)
  - BanubaAudioBrowserSDK (1.26.7)
  - BanubaEffectPlayer (1.26.7)
  - BanubaLicenseServicingSDK (1.26.7)
  - BanubaMusicEditorSDK (1.26.7)
  - BanubaOverlayEditorSDK (1.26.7)
  - BanubaSDK (1.26.7)
  - BanubaSDKServicing (1.26.7)
  - BanubaSDKSimple (1.26.7)
  - BanubaUtilities (1.26.7)
  - BanubaVideoEditorGallerySDK (1.26.7)
  - BanubaVideoEditorSDK (1.26.7)
  - BanubaVideoEditorTrimSDK (1.26.7)
  - BNBLicenseUtils (1.26.7)
  - Flutter (1.0.0)
  - image_picker_ios (0.0.1):
    - Flutter
  - path_provider_ios (0.0.1):
    - Flutter
  - url_launcher_ios (0.0.1):
    - Flutter
  - VEEffectsSDK (1.26.7)
  - VEExportSDK (1.26.7)
  - VEPlaybackSDK (1.26.7)
  - VideoEditor (1.26.7)

DEPENDENCIES:
  - BanubaARCloudSDK (= 1.26.7)
  - BanubaAudioBrowserSDK (= 1.26.7)
  - BanubaEffectPlayer (= 1.26.7)
  - BanubaLicenseServicingSDK (= 1.26.7)
  - BanubaMusicEditorSDK (= 1.26.7)
  - BanubaOverlayEditorSDK (= 1.26.7)
  - BanubaSDK (= 1.26.7)
  - BanubaSDKServicing (= 1.26.7)
  - BanubaSDKSimple (= 1.26.7)
  - BanubaUtilities (= 1.26.7)
  - BanubaVideoEditorGallerySDK (= 1.26.7)
  - BanubaVideoEditorSDK (= 1.26.7)
  - BanubaVideoEditorTrimSDK (= 1.26.7)
  - BNBLicenseUtils (= 1.26.7)
  - Flutter (from `Flutter`)
  - image_picker_ios (from `.symlinks/plugins/image_picker_ios/ios`)
  - path_provider_ios (from `.symlinks/plugins/path_provider_ios/ios`)
  - url_launcher_ios (from `.symlinks/plugins/url_launcher_ios/ios`)
  - VEEffectsSDK (= 1.26.7)
  - VEExportSDK (= 1.26.7)
  - VEPlaybackSDK (= 1.26.7)
  - VideoEditor (= 1.26.7)

SPEC REPOS:
  https://github.com/Banuba/specs.git:
    - BanubaARCloudSDK
    - BanubaAudioBrowserSDK
    - BanubaEffectPlayer
    - BanubaLicenseServicingSDK
    - BanubaMusicEditorSDK
    - BanubaOverlayEditorSDK
    - BanubaSDK
    - BanubaSDKServicing
    - BanubaSDKSimple
    - BanubaUtilities
    - BanubaVideoEditorGallerySDK
    - BanubaVideoEditorSDK
    - BanubaVideoEditorTrimSDK
    - BNBLicenseUtils
    - VEEffectsSDK
    - VEExportSDK
    - VEPlaybackSDK
    - VideoEditor

EXTERNAL SOURCES:
  Flutter:
    :path: Flutter
  image_picker_ios:
    :path: ".symlinks/plugins/image_picker_ios/ios"
  path_provider_ios:
    :path: ".symlinks/plugins/path_provider_ios/ios"
  url_launcher_ios:
    :path: ".symlinks/plugins/url_launcher_ios/ios"

SPEC CHECKSUMS:
  BanubaARCloudSDK: 9fd1766cbfd5b6fd2828d191c23c246d5c71d2a6
  BanubaAudioBrowserSDK: 49409b88ba9c4e336a3b1d0e812d480cc57ab949
  BanubaEffectPlayer: fde107dc128130ee2c2ef6201b270e50ef5ccc89
  BanubaLicenseServicingSDK: 2affb16e9c6155478960c502ba66173d5f8fb727
  BanubaMusicEditorSDK: 41918819a75c4c6363f33ce44eb83c2e8ebf7e49
  BanubaOverlayEditorSDK: 41cab166d5f13c794e048dc1905611afae85945f
  BanubaSDK: 3e013c47ef85b70a6c213e6960ca52b9fcfc9a3b
  BanubaSDKServicing: ff15b75b54eb65c4cdd73a585835ea92d10ebc66
  BanubaSDKSimple: fd28963e6c854594fbe4d2dfd7ffbb86c5fd838c
  BanubaUtilities: 5f575dcfa7e68ea8b40476453e02fff67a94c111
  BanubaVideoEditorGallerySDK: ec833d079ffdfd9cc1056f76e72a45d39f5daa30
  BanubaVideoEditorSDK: c71760a011e52444ecbec2bcc26f10708b081c30
  BanubaVideoEditorTrimSDK: 309d51d8712cfb5ad2fc60f1b072994fb4dbcacc
  BNBLicenseUtils: a7b6510cf4ca4f766c76e2e28099dc8a768cfb98
  Flutter: f04841e97a9d0b0a8025694d0796dd46242b2854
  image_picker_ios: b786a5dcf033a8336a657191401bfdf12017dabb
  path_provider_ios: 14f3d2fd28c4fdb42f44e0f751d12861c43cee02
  url_launcher_ios: 839c58cdb4279282219f5e248c3321761ff3c4de
  VEEffectsSDK: d627e33b0a72819ec27940e61813b8dbeec6919d
  VEExportSDK: 68119e5eac1ea99778b2bc93423fd1713ce84050
  VEPlaybackSDK: 4aa9dd1a44d5d5a59823fbb1c0a1148a70ae05fd
  VideoEditor: e01ef9442a6ddb66e966d2b6ed83cee9b3a9b45a

PODFILE CHECKSUM: d898ba04c89f4c28c23bb495cd4b1ea19f22e39b

COCOAPODS: 1.11.3
